lockfileVersion: '9.0'

settings:
  autoInstallPeers: true
  excludeLinksFromLockfile: false

importers:

  .:
    devDependencies:
      '@openzeppelin/contracts':
        specifier: ^5.4.0
        version: 5.4.0

packages:

  '@openzeppelin/contracts@5.4.0':
    resolution: {integrity: sha512-eCYgWnLg6WO+X52I16TZt8uEjbtdkgLC0SUX/xnAksjjrQI4Xfn4iBRoI5j55dmlOhDv1Y7BoR3cU7e3WWhC6A==}

snapshots:

  '@openzeppelin/contracts@5.4.0': {}
