lockfileVersion: '9.0'

settings:
  autoInstallPeers: true
  excludeLinksFromLockfile: false

importers:

  .:
    devDependencies:
      '@openzeppelin/contracts':
        specifier: ^5.3.0
        version: 5.3.0

packages:

  '@openzeppelin/contracts@5.3.0':
    resolution: {integrity: sha512-zj/KGoW7zxWUE8qOI++rUM18v+VeLTTzKs/DJFkSzHpQFPD/jKKF0TrMxBfGLl3kpdELCNccvB3zmofSzm4nlA==}

snapshots:

  '@openzeppelin/contracts@5.3.0': {}
