lockfileVersion: '9.0'

settings:
  autoInstallPeers: true
  excludeLinksFromLockfile: false

importers:

  .:
    devDependencies:
      '@openzeppelin/contracts':
        specifier: 5.2.0
        version: 5.2.0

packages:

  '@openzeppelin/contracts@5.2.0':
    resolution: {integrity: sha512-bxjNie5z89W1Ea0NZLZluFh8PrFNn9DH8DQlujEok2yjsOlraUPKID5p1Wk3qdNbf6XkQ1Os2RvfiHrrXLHWKA==}

snapshots:

  '@openzeppelin/contracts@5.2.0': {}
