# THIS IS AN AUTOGENERATED FILE. DO NOT EDIT THIS FILE DIRECTLY.
# yarn lockfile v1


"@openzeppelin/contracts@4.3.3":
  version "4.3.3"
  resolved "https://registry.yarnpkg.com/@openzeppelin/contracts/-/contracts-4.3.3.tgz#ff6ee919fc2a1abaf72b22814bfb72ed129ec137"
  integrity sha512-tDBopO1c98Yk7Cv/PZlHqrvtVjlgK5R4J6jxLwoO7qxK4xqOiZG+zSkIvGFpPZ0ikc3QOED3plgdqjgNTnBc7g==
