# THIS IS AN AUTOGENERATED FILE. DO NOT EDIT THIS FILE DIRECTLY.
# yarn lockfile v1


"@openzeppelin/contracts@5.2.0":
  version "5.2.0"
  resolved "https://registry.yarnpkg.com/@openzeppelin/contracts/-/contracts-5.2.0.tgz#bd020694218202b811b0ea3eec07277814c658da"
  integrity sha512-bxjNie5z89W1Ea0NZLZluFh8PrFNn9DH8DQlujEok2yjsOlraUPKID5p1Wk3qdNbf6XkQ1Os2RvfiHrrXLHWKA==
